{
  "name": "agent",
  "version": "1.0.0",
  "lockfileVersion": 2,
  "requires": true,
  "packages": {
    "": {
      "name": "agent",
      "version": "1.0.0",
      "license": "ISC",
      "dependencies": {
        "@supabase/supabase-js": "^1.28.5",
        "iframe-resizer-react": "^1.1.0",
        "jquery": "^3.6.0",
        "mkdirp": "^1.0.4",
        "react-collapsible": "^2.8.4",
        "react-copy-to-clipboard": "^5.0.4",
        "react-dom": "^17.0.2",
        "react-icons": "^4.3.1",
        "react-responsive-carousel": "^3.2.22",
        "react-router-dom": "^6.2.1",
        "reactstrap": "^9.0.1",
        "shopify-buy": "^2.14.0"
      }
    },
    "node_modules/@babel/runtime": {
      "version": "7.16.5",
      "resolved": "https://registry.npmjs.org/@babel/runtime/-/runtime-7.16.5.tgz",
      "integrity": "sha512-TXWihFIS3Pyv5hzR7j6ihmeLkZfrXGxAr5UfSl8CHf+6q/wpiYDkUau0czckpYG8QmnCIuPpdLtuA9VmuGGyMA==",
      "dependencies": {
        "regenerator-runtime": "^0.13.4"
      },
      "engines": {
        "node": ">=6.9.0"
      }
    },
    "node_modules/@popperjs/core": {
      "version": "2.11.0",
      "resolved": "https://registry.npmjs.org/@popperjs/core/-/core-2.11.0.tgz",
      "integrity": "sha512-zrsUxjLOKAzdewIDRWy9nsV1GQsKBCWaGwsZQlCgr6/q+vjyZhFgqedLfFBuI9anTPEUT4APq9Mu0SZBTzIcGQ==",
      "funding": {
        "type": "opencollective",
        "url": "https://opencollective.com/popperjs"
      }
    },
    "node_modules/@supabase/gotrue-js": {
      "version": "1.21.7",
      "resolved": "https://registry.npmjs.org/@supabase/gotrue-js/-/gotrue-js-1.21.7.tgz",
      "integrity": "sha512-YnL4cO3Q+ugatWEtgCEnLt+Wwi0VpOVTPSSjSSUho2x3cH7+juRBTrVbYky/W6YVgAw/ZJrVUFPh/NcUCUhdmw==",
      "dependencies": {
        "cross-fetch": "^3.0.6"
      }
    },
    "node_modules/@supabase/postgrest-js": {
      "version": "0.35.0",
      "resolved": "https://registry.npmjs.org/@supabase/postgrest-js/-/postgrest-js-0.35.0.tgz",
      "integrity": "sha512-z+XKJ2oXuGEAEBVXseeQUXaM3ekQZK4XF0Kc399Glyg+rZaBTwNeJtY+Q/23NcIE5uNMYbTnEXm80jZbLBnWdw==",
      "dependencies": {
        "cross-fetch": "^3.0.6"
      }
    },
    "node_modules/@supabase/realtime-js": {
      "version": "1.3.3",
      "resolved": "https://registry.npmjs.org/@supabase/realtime-js/-/realtime-js-1.3.3.tgz",
      "integrity": "sha512-9D79jlo/56VQf/U7TWhu24epCoj0vWJ7ALkGcqci8Luk/iOcdCxY1NJ76BbS1UnpXEIvQxQGb1R5NSexriKcUA==",
      "dependencies": {
        "@types/websocket": "^1.0.3",
        "websocket": "^1.0.34"
      }
    },
    "node_modules/@supabase/storage-js": {
      "version": "1.5.0",
      "resolved": "https://registry.npmjs.org/@supabase/storage-js/-/storage-js-1.5.0.tgz",
      "integrity": "sha512-ki2HT9FrCYRN3yoqWqX+u47TUHQ8lgSStAqV/97kMov1z2d+iIlqGBGVcaGDqq4NvK8CipG8IJARYM72oX+afA==",
      "dependencies": {
        "cross-fetch": "^3.1.0"
      }
    },
    "node_modules/@supabase/supabase-js": {
      "version": "1.28.5",
      "resolved": "https://registry.npmjs.org/@supabase/supabase-js/-/supabase-js-1.28.5.tgz",
      "integrity": "sha512-RZFSkj0tC6YppUVOBDldLLko4BgV8ASY+OiXC1ZxpcwmNInPgGiDkv59kVPN1UC96vnRQ/1fbFngPcwTtb1Qjw==",
      "dependencies": {
        "@supabase/gotrue-js": "^1.21.7",
        "@supabase/postgrest-js": "^0.35.0",
        "@supabase/realtime-js": "^1.3.3",
        "@supabase/storage-js": "^1.5.0"
      }
    },
    "node_modules/@types/node": {
      "version": "16.11.12",
      "resolved": "https://registry.npmjs.org/@types/node/-/node-16.11.12.tgz",
      "integrity": "sha512-+2Iggwg7PxoO5Kyhvsq9VarmPbIelXP070HMImEpbtGCoyWNINQj4wzjbQCXzdHTRXnqufutJb5KAURZANNBAw=="
    },
    "node_modules/@types/websocket": {
      "version": "1.0.4",
      "resolved": "https://registry.npmjs.org/@types/websocket/-/websocket-1.0.4.tgz",
      "integrity": "sha512-qn1LkcFEKK8RPp459jkjzsfpbsx36BBt3oC3pITYtkoBw/aVX+EZFa5j3ThCRTNpLFvIMr5dSTD4RaMdilIOpA==",
      "dependencies": {
        "@types/node": "*"
      }
    },
    "node_modules/bufferutil": {
      "version": "4.0.5",
      "resolved": "https://registry.npmjs.org/bufferutil/-/bufferutil-4.0.5.tgz",
      "integrity": "sha512-HTm14iMQKK2FjFLRTM5lAVcyaUzOnqbPtesFIvREgXpJHdQm8bWS+GkQgIkfaBYRHuCnea7w8UVNfwiAQhlr9A==",
      "hasInstallScript": true,
      "dependencies": {
        "node-gyp-build": "^4.3.0"
      },
      "engines": {
        "node": ">=6.14.2"
      }
    },
    "node_modules/classnames": {
      "version": "2.3.1",
      "resolved": "https://registry.npmjs.org/classnames/-/classnames-2.3.1.tgz",
      "integrity": "sha512-OlQdbZ7gLfGarSqxesMesDa5uz7KFbID8Kpq/SxIoNGDqY8lSYs0D+hhtBXhcdB3rcbXArFr7vlHheLk1voeNA=="
    },
    "node_modules/copy-to-clipboard": {
      "version": "3.3.1",
      "resolved": "https://registry.npmjs.org/copy-to-clipboard/-/copy-to-clipboard-3.3.1.tgz",
      "integrity": "sha512-i13qo6kIHTTpCm8/Wup+0b1mVWETvu2kIMzKoK8FpkLkFxlt0znUAHcMzox+T8sPlqtZXq3CulEjQHsYiGFJUw==",
      "dependencies": {
        "toggle-selection": "^1.0.6"
      }
    },
    "node_modules/cross-fetch": {
      "version": "3.1.4",
      "resolved": "https://registry.npmjs.org/cross-fetch/-/cross-fetch-3.1.4.tgz",
      "integrity": "sha512-1eAtFWdIubi6T4XPy6ei9iUFoKpUkIF971QLN8lIvvvwueI65+Nw5haMNKUwfJxabqlIIDODJKGrQ66gxC0PbQ==",
      "dependencies": {
        "node-fetch": "2.6.1"
      }
    },
    "node_modules/csstype": {
      "version": "3.0.10",
      "resolved": "https://registry.npmjs.org/csstype/-/csstype-3.0.10.tgz",
      "integrity": "sha512-2u44ZG2OcNUO9HDp/Jl8C07x6pU/eTR3ncV91SiK3dhG9TWvRVsCoJw14Ckx5DgWkzGA3waZWO3d7pgqpUI/XA=="
    },
    "node_modules/d": {
      "version": "1.0.1",
      "resolved": "https://registry.npmjs.org/d/-/d-1.0.1.tgz",
      "integrity": "sha512-m62ShEObQ39CfralilEQRjH6oAMtNCV1xJyEx5LpRYUVN+EviphDgUc/F3hnYbADmkiNs67Y+3ylmlG7Lnu+FA==",
      "dependencies": {
        "es5-ext": "^0.10.50",
        "type": "^1.0.1"
      }
    },
    "node_modules/debug": {
      "version": "2.6.9",
      "resolved": "https://registry.npmjs.org/debug/-/debug-2.6.9.tgz",
      "integrity": "sha512-bC7ElrdJaJnPbAP+1EotYvqZsb3ecl5wi6Bfi6BJTUcNowp6cvspg0jXznRTKDjm/E7AdgFBVeAPVMNcKGsHMA==",
      "dependencies": {
        "ms": "2.0.0"
      }
    },
    "node_modules/dom-helpers": {
      "version": "5.2.1",
      "resolved": "https://registry.npmjs.org/dom-helpers/-/dom-helpers-5.2.1.tgz",
      "integrity": "sha512-nRCa7CK3VTrM2NmGkIy4cbK7IZlgBE/PYMn55rrXefr5xXDP0LdtfPnblFDoVdcAfslJ7or6iqAUnx0CCGIWQA==",
      "dependencies": {
        "@babel/runtime": "^7.8.7",
        "csstype": "^3.0.2"
      }
    },
    "node_modules/es5-ext": {
      "version": "0.10.53",
      "resolved": "https://registry.npmjs.org/es5-ext/-/es5-ext-0.10.53.tgz",
      "integrity": "sha512-Xs2Stw6NiNHWypzRTY1MtaG/uJlwCk8kH81920ma8mvN8Xq1gsfhZvpkImLQArw8AHnv8MT2I45J3c0R8slE+Q==",
      "dependencies": {
        "es6-iterator": "~2.0.3",
        "es6-symbol": "~3.1.3",
        "next-tick": "~1.0.0"
      }
    },
    "node_modules/es6-iterator": {
      "version": "2.0.3",
      "resolved": "https://registry.npmjs.org/es6-iterator/-/es6-iterator-2.0.3.tgz",
      "integrity": "sha1-p96IkUGgWpSwhUQDstCg+/qY87c=",
      "dependencies": {
        "d": "1",
        "es5-ext": "^0.10.35",
        "es6-symbol": "^3.1.1"
      }
    },
    "node_modules/es6-symbol": {
      "version": "3.1.3",
      "resolved": "https://registry.npmjs.org/es6-symbol/-/es6-symbol-3.1.3.tgz",
      "integrity": "sha512-NJ6Yn3FuDinBaBRWl/q5X/s4koRHBrgKAu+yGI6JCBeiu3qrcbJhwT2GeR/EXVfylRk8dpQVJoLEFhK+Mu31NA==",
      "dependencies": {
        "d": "^1.0.1",
        "ext": "^1.1.2"
      }
    },
    "node_modules/ext": {
      "version": "1.6.0",
      "resolved": "https://registry.npmjs.org/ext/-/ext-1.6.0.tgz",
      "integrity": "sha512-sdBImtzkq2HpkdRLtlLWDa6w4DX22ijZLKx8BMPUuKe1c5lbN6xwQDQCxSfxBQnHZ13ls/FH0MQZx/q/gr6FQg==",
      "dependencies": {
        "type": "^2.5.0"
      }
    },
    "node_modules/ext/node_modules/type": {
      "version": "2.5.0",
      "resolved": "https://registry.npmjs.org/type/-/type-2.5.0.tgz",
      "integrity": "sha512-180WMDQaIMm3+7hGXWf12GtdniDEy7nYcyFMKJn/eZz/6tSLXrUN9V0wKSbMjej0I1WHWbpREDEKHtqPQa9NNw=="
    },
    "node_modules/history": {
      "version": "5.2.0",
      "resolved": "https://registry.npmjs.org/history/-/history-5.2.0.tgz",
      "integrity": "sha512-uPSF6lAJb3nSePJ43hN3eKj1dTWpN9gMod0ZssbFTIsen+WehTmEadgL+kg78xLJFdRfrrC//SavDzmRVdE+Ig==",
      "dependencies": {
        "@babel/runtime": "^7.7.6"
      }
    },
    "node_modules/iframe-resizer": {
      "version": "4.3.2",
      "resolved": "https://registry.npmjs.org/iframe-resizer/-/iframe-resizer-4.3.2.tgz",
      "integrity": "sha512-gOWo2hmdPjMQsQ+zTKbses08mDfDEMh4NneGQNP4qwePYujY1lguqP6gnbeJkf154gojWlBhIltlgnMfYjGHWA==",
      "engines": {
        "node": ">=0.8.0"
      },
      "funding": {
        "type": "individual",
        "url": "https://github.com/davidjbradshaw/iframe-resizer/blob/master/FUNDING.md"
      }
    },
    "node_modules/iframe-resizer-react": {
      "version": "1.1.0",
      "resolved": "https://registry.npmjs.org/iframe-resizer-react/-/iframe-resizer-react-1.1.0.tgz",
      "integrity": "sha512-FrytSq91AIJaDgE+6uK/Vdd6IR8CrwLoZ6eGmL2qQMPTzF0xlSV2jaSzRRUh5V2fttD7vzl21jvBl97bV40eBw==",
      "dependencies": {
        "iframe-resizer": "^4.3.0",
        "warning": "^4.0.3"
      },
      "engines": {
        "node": ">=8",
        "npm": ">=5"
      },
      "peerDependencies": {
        "prop-types": ">=15.7.2",
        "react": ">=16.8.0",
        "react-dom": ">=16.8.0"
      }
    },
    "node_modules/is-typedarray": {
      "version": "1.0.0",
      "resolved": "https://registry.npmjs.org/is-typedarray/-/is-typedarray-1.0.0.tgz",
      "integrity": "sha1-5HnICFjfDBsR3dppQPlgEfzaSpo="
    },
    "node_modules/jquery": {
      "version": "3.6.0",
      "resolved": "https://registry.npmjs.org/jquery/-/jquery-3.6.0.tgz",
      "integrity": "sha512-JVzAR/AjBvVt2BmYhxRCSYysDsPcssdmTFnzyLEts9qNwmjmu4JTAMYubEfwVOSwpQ1I1sKKFcxhZCI2buerfw=="
    },
    "node_modules/js-tokens": {
      "version": "4.0.0",
      "resolved": "https://registry.npmjs.org/js-tokens/-/js-tokens-4.0.0.tgz",
      "integrity": "sha512-RdJUflcE3cUzKiMqQgsCu06FPu9UdIJO0beYbPhHN4k6apgJtifcoCtT9bcxOpYBtpD2kCM6Sbzg4CausW/PKQ=="
    },
    "node_modules/loose-envify": {
      "version": "1.4.0",
      "resolved": "https://registry.npmjs.org/loose-envify/-/loose-envify-1.4.0.tgz",
      "integrity": "sha512-lyuxPGr/Wfhrlem2CL/UcnUc1zcqKAImBDzukY7Y5F/yQiNdko6+fRLevlw1HgMySw7f611UIY408EtxRSoK3Q==",
      "dependencies": {
        "js-tokens": "^3.0.0 || ^4.0.0"
      },
      "bin": {
        "loose-envify": "cli.js"
      }
    },
    "node_modules/mkdirp": {
      "version": "1.0.4",
      "resolved": "https://registry.npmjs.org/mkdirp/-/mkdirp-1.0.4.tgz",
      "integrity": "sha512-vVqVZQyf3WLx2Shd0qJ9xuvqgAyKPLAiqITEtqW0oIUjzo3PePDd6fW9iFz30ef7Ysp/oiWqbhszeGWW2T6Gzw==",
      "bin": {
        "mkdirp": "bin/cmd.js"
      },
      "engines": {
        "node": ">=10"
      }
    },
    "node_modules/ms": {
      "version": "2.0.0",
      "resolved": "https://registry.npmjs.org/ms/-/ms-2.0.0.tgz",
      "integrity": "sha1-VgiurfwAvmwpAd9fmGF4jeDVl8g="
    },
    "node_modules/next-tick": {
      "version": "1.0.0",
      "resolved": "https://registry.npmjs.org/next-tick/-/next-tick-1.0.0.tgz",
      "integrity": "sha1-yobR/ogoFpsBICCOPchCS524NCw="
    },
    "node_modules/node-fetch": {
      "version": "2.6.1",
      "resolved": "https://registry.npmjs.org/node-fetch/-/node-fetch-2.6.1.tgz",
      "integrity": "sha512-V4aYg89jEoVRxRb2fJdAg8FHvI7cEyYdVAh94HH0UIK8oJxUfkjlDQN9RbMx+bEjP7+ggMiFRprSti032Oipxw==",
      "engines": {
        "node": "4.x || >=6.0.0"
      }
    },
    "node_modules/node-gyp-build": {
      "version": "4.3.0",
      "resolved": "https://registry.npmjs.org/node-gyp-build/-/node-gyp-build-4.3.0.tgz",
      "integrity": "sha512-iWjXZvmboq0ja1pUGULQBexmxq8CV4xBhX7VDOTbL7ZR4FOowwY/VOtRxBN/yKxmdGoIp4j5ysNT4u3S2pDQ3Q==",
      "bin": {
        "node-gyp-build": "bin.js",
        "node-gyp-build-optional": "optional.js",
        "node-gyp-build-test": "build-test.js"
      }
    },
    "node_modules/object-assign": {
      "version": "4.1.1",
      "resolved": "https://registry.npmjs.org/object-assign/-/object-assign-4.1.1.tgz",
      "integrity": "sha1-IQmtx5ZYh8/AXLvUQsrIv7s2CGM=",
      "engines": {
        "node": ">=0.10.0"
      }
    },
    "node_modules/prop-types": {
      "version": "15.7.2",
      "resolved": "https://registry.npmjs.org/prop-types/-/prop-types-15.7.2.tgz",
      "integrity": "sha512-8QQikdH7//R2vurIJSutZ1smHYTcLpRWEOlHnzcWHmBYrOGUysKwSsrC89BCiFj3CbrfJ/nXFdJepOVrY1GCHQ==",
      "dependencies": {
        "loose-envify": "^1.4.0",
        "object-assign": "^4.1.1",
        "react-is": "^16.8.1"
      }
    },
    "node_modules/react-collapsible": {
      "version": "2.8.4",
      "resolved": "https://registry.npmjs.org/react-collapsible/-/react-collapsible-2.8.4.tgz",
      "integrity": "sha512-oG4yOk6AGKswe0OD/8t3/nf4Rgj4UhlZUUvqL5jop0/ez02B3dBDmNvs3sQz0PcTpJvt0ai8zF7Atd1SzN/UNw==",
      "peerDependencies": {
        "react": "~15 || ~16 || ~17",
        "react-dom": "~15 || ~16 || ~17"
      }
    },
    "node_modules/react-copy-to-clipboard": {
      "version": "5.0.4",
      "resolved": "https://registry.npmjs.org/react-copy-to-clipboard/-/react-copy-to-clipboard-5.0.4.tgz",
      "integrity": "sha512-IeVAiNVKjSPeGax/Gmkqfa/+PuMTBhutEvFUaMQLwE2tS0EXrAdgOpWDX26bWTXF3HrioorR7lr08NqeYUWQCQ==",
      "dependencies": {
        "copy-to-clipboard": "^3",
        "prop-types": "^15.5.8"
      },
      "peerDependencies": {
        "react": "^15.3.0 || ^16.0.0 || ^17.0.0"
      }
    },
    "node_modules/react-dom": {
      "version": "17.0.2",
      "resolved": "https://registry.npmjs.org/react-dom/-/react-dom-17.0.2.tgz",
      "integrity": "sha512-s4h96KtLDUQlsENhMn1ar8t2bEa+q/YAtj8pPPdIjPDGBDIVNsrD9aXNWqspUe6AzKCIG0C1HZZLqLV7qpOBGA==",
      "dependencies": {
        "loose-envify": "^1.1.0",
        "object-assign": "^4.1.1",
        "scheduler": "^0.20.2"
      },
      "peerDependencies": {
        "react": "17.0.2"
      }
    },
    "node_modules/react-easy-swipe": {
      "version": "0.0.21",
      "resolved": "https://registry.npmjs.org/react-easy-swipe/-/react-easy-swipe-0.0.21.tgz",
      "integrity": "sha512-OeR2jAxdoqUMHIn/nS9fgreI5hSpgGoL5ezdal4+oO7YSSgJR8ga+PkYGJrSrJ9MKlPcQjMQXnketrD7WNmNsg==",
      "dependencies": {
        "prop-types": "^15.5.8"
      },
      "engines": {
        "node": ">= 6"
      }
    },
    "node_modules/react-fast-compare": {
      "version": "3.2.0",
      "resolved": "https://registry.npmjs.org/react-fast-compare/-/react-fast-compare-3.2.0.tgz",
      "integrity": "sha512-rtGImPZ0YyLrscKI9xTpV8psd6I8VAtjKCzQDlzyDvqJA8XOW78TXYQwNRNd8g8JZnDu8q9Fu/1v4HPAVwVdHA=="
    },
    "node_modules/react-icons": {
      "version": "4.3.1",
      "resolved": "https://registry.npmjs.org/react-icons/-/react-icons-4.3.1.tgz",
      "integrity": "sha512-cB10MXLTs3gVuXimblAdI71jrJx8njrJZmNMEMC+sQu5B/BIOmlsAjskdqpn81y8UBVEGuHODd7/ci5DvoSzTQ==",
      "peerDependencies": {
        "react": "*"
      }
    },
    "node_modules/react-is": {
      "version": "16.13.1",
      "resolved": "https://registry.npmjs.org/react-is/-/react-is-16.13.1.tgz",
      "integrity": "sha512-24e6ynE2H+OKt4kqsOvNd8kBpV65zoxbA4BVsEOB3ARVWQki/DHzaUoC5KuON/BiccDaCCTZBuOcfZs70kR8bQ=="
    },
    "node_modules/react-popper": {
      "version": "2.2.5",
      "resolved": "https://registry.npmjs.org/react-popper/-/react-popper-2.2.5.tgz",
      "integrity": "sha512-kxGkS80eQGtLl18+uig1UIf9MKixFSyPxglsgLBxlYnyDf65BiY9B3nZSc6C9XUNDgStROB0fMQlTEz1KxGddw==",
      "dependencies": {
        "react-fast-compare": "^3.0.1",
        "warning": "^4.0.2"
      },
      "peerDependencies": {
        "@popperjs/core": "^2.0.0",
        "react": "^16.8.0 || ^17"
      }
    },
    "node_modules/react-responsive-carousel": {
      "version": "3.2.22",
      "resolved": "https://registry.npmjs.org/react-responsive-carousel/-/react-responsive-carousel-3.2.22.tgz",
      "integrity": "sha512-/r7dsIaN+l417IYIS0Fr7Z5VlpK3KYnTIIsdVCWSqtuJRIZNM+qdBIA4RIbzQtuW/ZBTnQanBecblCxg0HCqLQ==",
      "dependencies": {
        "classnames": "^2.2.5",
        "prop-types": "^15.5.8",
        "react-easy-swipe": "^0.0.21"
      }
    },
    "node_modules/react-router": {
      "version": "6.2.1",
      "resolved": "https://registry.npmjs.org/react-router/-/react-router-6.2.1.tgz",
      "integrity": "sha512-2fG0udBtxou9lXtK97eJeET2ki5//UWfQSl1rlJ7quwe6jrktK9FCCc8dQb5QY6jAv3jua8bBQRhhDOM/kVRsg==",
      "dependencies": {
        "history": "^5.2.0"
      },
      "peerDependencies": {
        "react": ">=16.8"
      }
    },
    "node_modules/react-router-dom": {
      "version": "6.2.1",
      "resolved": "https://registry.npmjs.org/react-router-dom/-/react-router-dom-6.2.1.tgz",
      "integrity": "sha512-I6Zax+/TH/cZMDpj3/4Fl2eaNdcvoxxHoH1tYOREsQ22OKDYofGebrNm6CTPUcvLvZm63NL/vzCYdjf9CUhqmA==",
      "dependencies": {
        "history": "^5.2.0",
        "react-router": "6.2.1"
      },
      "peerDependencies": {
        "react": ">=16.8",
        "react-dom": ">=16.8"
      }
    },
    "node_modules/react-transition-group": {
      "version": "4.4.2",
      "resolved": "https://registry.npmjs.org/react-transition-group/-/react-transition-group-4.4.2.tgz",
      "integrity": "sha512-/RNYfRAMlZwDSr6z4zNKV6xu53/e2BuaBbGhbyYIXTrmgu/bGHzmqOs7mJSJBHy9Ud+ApHx3QjrkKSp1pxvlFg==",
      "dependencies": {
        "@babel/runtime": "^7.5.5",
        "dom-helpers": "^5.0.1",
        "loose-envify": "^1.4.0",
        "prop-types": "^15.6.2"
      },
      "peerDependencies": {
        "react": ">=16.6.0",
        "react-dom": ">=16.6.0"
      }
    },
    "node_modules/reactstrap": {
      "version": "9.0.1",
      "resolved": "https://registry.npmjs.org/reactstrap/-/reactstrap-9.0.1.tgz",
      "integrity": "sha512-89VOv7SRlAlpS7RwXhzOQkSWkuhBR8LBsPGfNHifNL3WhtNP9y1sBdTcTYyH1ee2QtI8zRdwD0T5I/blHiwemg==",
      "dependencies": {
        "@babel/runtime": "^7.12.5",
        "@popperjs/core": "^2.6.0",
        "classnames": "^2.2.3",
        "prop-types": "^15.5.8",
        "react-popper": "^2.2.4",
        "react-transition-group": "^4.4.2"
      },
      "peerDependencies": {
        "react": ">=16.8.0",
        "react-dom": ">=16.8.0"
      }
    },
    "node_modules/regenerator-runtime": {
      "version": "0.13.9",
      "resolved": "https://registry.npmjs.org/regenerator-runtime/-/regenerator-runtime-0.13.9.tgz",
      "integrity": "sha512-p3VT+cOEgxFsRRA9X4lkI1E+k2/CtnKtU4gcxyaCUreilL/vqI6CdZ3wxVUx3UOUg+gnUOQQcRI7BmSI656MYA=="
    },
    "node_modules/scheduler": {
      "version": "0.20.2",
      "resolved": "https://registry.npmjs.org/scheduler/-/scheduler-0.20.2.tgz",
      "integrity": "sha512-2eWfGgAqqWFGqtdMmcL5zCMK1U8KlXv8SQFGglL3CEtd0aDVDWgeF/YoCmvln55m5zSk3J/20hTaSBeSObsQDQ==",
      "dependencies": {
        "loose-envify": "^1.1.0",
        "object-assign": "^4.1.1"
      }
    },
    "node_modules/shopify-buy": {
      "version": "2.14.0",
      "resolved": "https://registry.npmjs.org/shopify-buy/-/shopify-buy-2.14.0.tgz",
      "integrity": "sha512-ehQMBQzkmm837boIUb85umpWg25EYzgDTqSv1dLabTmfTQSlhTkBJ0r1mDZnZpEoYpWbAs6cSSa5C9/NIaSSOQ=="
    },
    "node_modules/toggle-selection": {
      "version": "1.0.6",
      "resolved": "https://registry.npmjs.org/toggle-selection/-/toggle-selection-1.0.6.tgz",
      "integrity": "sha1-bkWxJj8gF/oKzH2J14sVuL932jI="
    },
    "node_modules/type": {
      "version": "1.2.0",
      "resolved": "https://registry.npmjs.org/type/-/type-1.2.0.tgz",
      "integrity": "sha512-+5nt5AAniqsCnu2cEQQdpzCAh33kVx8n0VoFidKpB1dVVLAN/F+bgVOqOJqOnEnrhp222clB5p3vUlD+1QAnfg=="
    },
    "node_modules/typedarray-to-buffer": {
      "version": "3.1.5",
      "resolved": "https://registry.npmjs.org/typedarray-to-buffer/-/typedarray-to-buffer-3.1.5.tgz",
      "integrity": "sha512-zdu8XMNEDepKKR+XYOXAVPtWui0ly0NtohUscw+UmaHiAWT8hrV1rr//H6V+0DvJ3OQ19S979M0laLfX8rm82Q==",
      "dependencies": {
        "is-typedarray": "^1.0.0"
      }
    },
    "node_modules/utf-8-validate": {
      "version": "5.0.7",
      "resolved": "https://registry.npmjs.org/utf-8-validate/-/utf-8-validate-5.0.7.tgz",
      "integrity": "sha512-vLt1O5Pp+flcArHGIyKEQq883nBt8nN8tVBcoL0qUXj2XT1n7p70yGIq2VK98I5FdZ1YHc0wk/koOnHjnXWk1Q==",
      "hasInstallScript": true,
      "dependencies": {
        "node-gyp-build": "^4.3.0"
      },
      "engines": {
        "node": ">=6.14.2"
      }
    },
    "node_modules/warning": {
      "version": "4.0.3",
      "resolved": "https://registry.npmjs.org/warning/-/warning-4.0.3.tgz",
      "integrity": "sha512-rpJyN222KWIvHJ/F53XSZv0Zl/accqHR8et1kpaMTD/fLCRxtV8iX8czMzY7sVZupTI3zcUTg8eycS2kNF9l6w==",
      "dependencies": {
        "loose-envify": "^1.0.0"
      }
    },
    "node_modules/websocket": {
      "version": "1.0.34",
      "resolved": "https://registry.npmjs.org/websocket/-/websocket-1.0.34.tgz",
      "integrity": "sha512-PRDso2sGwF6kM75QykIesBijKSVceR6jL2G8NGYyq2XrItNC2P5/qL5XeR056GhA+Ly7JMFvJb9I312mJfmqnQ==",
      "dependencies": {
        "bufferutil": "^4.0.1",
        "debug": "^2.2.0",
        "es5-ext": "^0.10.50",
        "typedarray-to-buffer": "^3.1.5",
        "utf-8-validate": "^5.0.2",
        "yaeti": "^0.0.6"
      },
      "engines": {
        "node": ">=4.0.0"
      }
    },
    "node_modules/yaeti": {
      "version": "0.0.6",
      "resolved": "https://registry.npmjs.org/yaeti/-/yaeti-0.0.6.tgz",
      "integrity": "sha1-8m9ITXJoTPQr7ft2lwqhYI+/lXc=",
      "engines": {
        "node": ">=0.10.32"
      }
    }
  },
  "dependencies": {
    "@babel/runtime": {
      "version": "7.16.5",
      "resolved": "https://registry.npmjs.org/@babel/runtime/-/runtime-7.16.5.tgz",
      "integrity": "sha512-TXWihFIS3Pyv5hzR7j6ihmeLkZfrXGxAr5UfSl8CHf+6q/wpiYDkUau0czckpYG8QmnCIuPpdLtuA9VmuGGyMA==",
      "requires": {
        "regenerator-runtime": "^0.13.4"
      }
    },
    "@popperjs/core": {
      "version": "2.11.0",
      "resolved": "https://registry.npmjs.org/@popperjs/core/-/core-2.11.0.tgz",
      "integrity": "sha512-zrsUxjLOKAzdewIDRWy9nsV1GQsKBCWaGwsZQlCgr6/q+vjyZhFgqedLfFBuI9anTPEUT4APq9Mu0SZBTzIcGQ=="
    },
    "@supabase/gotrue-js": {
      "version": "1.21.7",
      "resolved": "https://registry.npmjs.org/@supabase/gotrue-js/-/gotrue-js-1.21.7.tgz",
      "integrity": "sha512-YnL4cO3Q+ugatWEtgCEnLt+Wwi0VpOVTPSSjSSUho2x3cH7+juRBTrVbYky/W6YVgAw/ZJrVUFPh/NcUCUhdmw==",
      "requires": {
        "cross-fetch": "^3.0.6"
      }
    },
    "@supabase/postgrest-js": {
      "version": "0.35.0",
      "resolved": "https://registry.npmjs.org/@supabase/postgrest-js/-/postgrest-js-0.35.0.tgz",
      "integrity": "sha512-z+XKJ2oXuGEAEBVXseeQUXaM3ekQZK4XF0Kc399Glyg+rZaBTwNeJtY+Q/23NcIE5uNMYbTnEXm80jZbLBnWdw==",
      "requires": {
        "cross-fetch": "^3.0.6"
      }
    },
    "@supabase/realtime-js": {
      "version": "1.3.3",
      "resolved": "https://registry.npmjs.org/@supabase/realtime-js/-/realtime-js-1.3.3.tgz",
      "integrity": "sha512-9D79jlo/56VQf/U7TWhu24epCoj0vWJ7ALkGcqci8Luk/iOcdCxY1NJ76BbS1UnpXEIvQxQGb1R5NSexriKcUA==",
      "requires": {
        "@types/websocket": "^1.0.3",
        "websocket": "^1.0.34"
      }
    },
    "@supabase/storage-js": {
      "version": "1.5.0",
      "resolved": "https://registry.npmjs.org/@supabase/storage-js/-/storage-js-1.5.0.tgz",
      "integrity": "sha512-ki2HT9FrCYRN3yoqWqX+u47TUHQ8lgSStAqV/97kMov1z2d+iIlqGBGVcaGDqq4NvK8CipG8IJARYM72oX+afA==",
      "requires": {
        "cross-fetch": "^3.1.0"
      }
    },
    "@supabase/supabase-js": {
      "version": "1.28.5",
      "resolved": "https://registry.npmjs.org/@supabase/supabase-js/-/supabase-js-1.28.5.tgz",
      "integrity": "sha512-RZFSkj0tC6YppUVOBDldLLko4BgV8ASY+OiXC1ZxpcwmNInPgGiDkv59kVPN1UC96vnRQ/1fbFngPcwTtb1Qjw==",
      "requires": {
        "@supabase/gotrue-js": "^1.21.7",
        "@supabase/postgrest-js": "^0.35.0",
        "@supabase/realtime-js": "^1.3.3",
        "@supabase/storage-js": "^1.5.0"
      }
    },
    "@types/node": {
      "version": "16.11.12",
      "resolved": "https://registry.npmjs.org/@types/node/-/node-16.11.12.tgz",
      "integrity": "sha512-+2Iggwg7PxoO5Kyhvsq9VarmPbIelXP070HMImEpbtGCoyWNINQj4wzjbQCXzdHTRXnqufutJb5KAURZANNBAw=="
    },
    "@types/websocket": {
      "version": "1.0.4",
      "resolved": "https://registry.npmjs.org/@types/websocket/-/websocket-1.0.4.tgz",
      "integrity": "sha512-qn1LkcFEKK8RPp459jkjzsfpbsx36BBt3oC3pITYtkoBw/aVX+EZFa5j3ThCRTNpLFvIMr5dSTD4RaMdilIOpA==",
      "requires": {
        "@types/node": "*"
      }
    },
    "bufferutil": {
      "version": "4.0.5",
      "resolved": "https://registry.npmjs.org/bufferutil/-/bufferutil-4.0.5.tgz",
      "integrity": "sha512-HTm14iMQKK2FjFLRTM5lAVcyaUzOnqbPtesFIvREgXpJHdQm8bWS+GkQgIkfaBYRHuCnea7w8UVNfwiAQhlr9A==",
      "requires": {
        "node-gyp-build": "^4.3.0"
      }
    },
    "classnames": {
      "version": "2.3.1",
      "resolved": "https://registry.npmjs.org/classnames/-/classnames-2.3.1.tgz",
      "integrity": "sha512-OlQdbZ7gLfGarSqxesMesDa5uz7KFbID8Kpq/SxIoNGDqY8lSYs0D+hhtBXhcdB3rcbXArFr7vlHheLk1voeNA=="
    },
    "copy-to-clipboard": {
      "version": "3.3.1",
      "resolved": "https://registry.npmjs.org/copy-to-clipboard/-/copy-to-clipboard-3.3.1.tgz",
      "integrity": "sha512-i13qo6kIHTTpCm8/Wup+0b1mVWETvu2kIMzKoK8FpkLkFxlt0znUAHcMzox+T8sPlqtZXq3CulEjQHsYiGFJUw==",
      "requires": {
        "toggle-selection": "^1.0.6"
      }
    },
    "cross-fetch": {
      "version": "3.1.4",
      "resolved": "https://registry.npmjs.org/cross-fetch/-/cross-fetch-3.1.4.tgz",
      "integrity": "sha512-1eAtFWdIubi6T4XPy6ei9iUFoKpUkIF971QLN8lIvvvwueI65+Nw5haMNKUwfJxabqlIIDODJKGrQ66gxC0PbQ==",
      "requires": {
        "node-fetch": "2.6.1"
      }
    },
    "csstype": {
      "version": "3.0.10",
      "resolved": "https://registry.npmjs.org/csstype/-/csstype-3.0.10.tgz",
      "integrity": "sha512-2u44ZG2OcNUO9HDp/Jl8C07x6pU/eTR3ncV91SiK3dhG9TWvRVsCoJw14Ckx5DgWkzGA3waZWO3d7pgqpUI/XA=="
    },
    "d": {
      "version": "1.0.1",
      "resolved": "https://registry.npmjs.org/d/-/d-1.0.1.tgz",
      "integrity": "sha512-m62ShEObQ39CfralilEQRjH6oAMtNCV1xJyEx5LpRYUVN+EviphDgUc/F3hnYbADmkiNs67Y+3ylmlG7Lnu+FA==",
      "requires": {
        "es5-ext": "^0.10.50",
        "type": "^1.0.1"
      }
    },
    "debug": {
      "version": "2.6.9",
      "resolved": "https://registry.npmjs.org/debug/-/debug-2.6.9.tgz",
      "integrity": "sha512-bC7ElrdJaJnPbAP+1EotYvqZsb3ecl5wi6Bfi6BJTUcNowp6cvspg0jXznRTKDjm/E7AdgFBVeAPVMNcKGsHMA==",
      "requires": {
        "ms": "2.0.0"
      }
    },
    "dom-helpers": {
      "version": "5.2.1",
      "resolved": "https://registry.npmjs.org/dom-helpers/-/dom-helpers-5.2.1.tgz",
      "integrity": "sha512-nRCa7CK3VTrM2NmGkIy4cbK7IZlgBE/PYMn55rrXefr5xXDP0LdtfPnblFDoVdcAfslJ7or6iqAUnx0CCGIWQA==",
      "requires": {
        "@babel/runtime": "^7.8.7",
        "csstype": "^3.0.2"
      }
    },
    "es5-ext": {
      "version": "0.10.53",
      "resolved": "https://registry.npmjs.org/es5-ext/-/es5-ext-0.10.53.tgz",
      "integrity": "sha512-Xs2Stw6NiNHWypzRTY1MtaG/uJlwCk8kH81920ma8mvN8Xq1gsfhZvpkImLQArw8AHnv8MT2I45J3c0R8slE+Q==",
      "requires": {
        "es6-iterator": "~2.0.3",
        "es6-symbol": "~3.1.3",
        "next-tick": "~1.0.0"
      }
    },
    "es6-iterator": {
      "version": "2.0.3",
      "resolved": "https://registry.npmjs.org/es6-iterator/-/es6-iterator-2.0.3.tgz",
      "integrity": "sha1-p96IkUGgWpSwhUQDstCg+/qY87c=",
      "requires": {
        "d": "1",
        "es5-ext": "^0.10.35",
        "es6-symbol": "^3.1.1"
      }
    },
    "es6-symbol": {
      "version": "3.1.3",
      "resolved": "https://registry.npmjs.org/es6-symbol/-/es6-symbol-3.1.3.tgz",
      "integrity": "sha512-NJ6Yn3FuDinBaBRWl/q5X/s4koRHBrgKAu+yGI6JCBeiu3qrcbJhwT2GeR/EXVfylRk8dpQVJoLEFhK+Mu31NA==",
      "requires": {
        "d": "^1.0.1",
        "ext": "^1.1.2"
      }
    },
    "ext": {
      "version": "1.6.0",
      "resolved": "https://registry.npmjs.org/ext/-/ext-1.6.0.tgz",
      "integrity": "sha512-sdBImtzkq2HpkdRLtlLWDa6w4DX22ijZLKx8BMPUuKe1c5lbN6xwQDQCxSfxBQnHZ13ls/FH0MQZx/q/gr6FQg==",
      "requires": {
        "type": "^2.5.0"
      },
      "dependencies": {
        "type": {
          "version": "2.5.0",
          "resolved": "https://registry.npmjs.org/type/-/type-2.5.0.tgz",
          "integrity": "sha512-180WMDQaIMm3+7hGXWf12GtdniDEy7nYcyFMKJn/eZz/6tSLXrUN9V0wKSbMjej0I1WHWbpREDEKHtqPQa9NNw=="
        }
      }
    },
    "history": {
      "version": "5.2.0",
      "resolved": "https://registry.npmjs.org/history/-/history-5.2.0.tgz",
      "integrity": "sha512-uPSF6lAJb3nSePJ43hN3eKj1dTWpN9gMod0ZssbFTIsen+WehTmEadgL+kg78xLJFdRfrrC//SavDzmRVdE+Ig==",
      "requires": {
        "@babel/runtime": "^7.7.6"
      }
    },
    "iframe-resizer": {
      "version": "4.3.2",
      "resolved": "https://registry.npmjs.org/iframe-resizer/-/iframe-resizer-4.3.2.tgz",
      "integrity": "sha512-gOWo2hmdPjMQsQ+zTKbses08mDfDEMh4NneGQNP4qwePYujY1lguqP6gnbeJkf154gojWlBhIltlgnMfYjGHWA=="
    },
    "iframe-resizer-react": {
      "version": "1.1.0",
      "resolved": "https://registry.npmjs.org/iframe-resizer-react/-/iframe-resizer-react-1.1.0.tgz",
      "integrity": "sha512-FrytSq91AIJaDgE+6uK/Vdd6IR8CrwLoZ6eGmL2qQMPTzF0xlSV2jaSzRRUh5V2fttD7vzl21jvBl97bV40eBw==",
      "requires": {
        "iframe-resizer": "^4.3.0",
        "warning": "^4.0.3"
      }
    },
    "is-typedarray": {
      "version": "1.0.0",
      "resolved": "https://registry.npmjs.org/is-typedarray/-/is-typedarray-1.0.0.tgz",
      "integrity": "sha1-5HnICFjfDBsR3dppQPlgEfzaSpo="
    },
    "jquery": {
      "version": "3.6.0",
      "resolved": "https://registry.npmjs.org/jquery/-/jquery-3.6.0.tgz",
      "integrity": "sha512-JVzAR/AjBvVt2BmYhxRCSYysDsPcssdmTFnzyLEts9qNwmjmu4JTAMYubEfwVOSwpQ1I1sKKFcxhZCI2buerfw=="
    },
    "js-tokens": {
      "version": "4.0.0",
      "resolved": "https://registry.npmjs.org/js-tokens/-/js-tokens-4.0.0.tgz",
      "integrity": "sha512-RdJUflcE3cUzKiMqQgsCu06FPu9UdIJO0beYbPhHN4k6apgJtifcoCtT9bcxOpYBtpD2kCM6Sbzg4CausW/PKQ=="
    },
    "loose-envify": {
      "version": "1.4.0",
      "resolved": "https://registry.npmjs.org/loose-envify/-/loose-envify-1.4.0.tgz",
      "integrity": "sha512-lyuxPGr/Wfhrlem2CL/UcnUc1zcqKAImBDzukY7Y5F/yQiNdko6+fRLevlw1HgMySw7f611UIY408EtxRSoK3Q==",
      "requires": {
        "js-tokens": "^3.0.0 || ^4.0.0"
      }
    },
    "mkdirp": {
      "version": "1.0.4",
      "resolved": "https://registry.npmjs.org/mkdirp/-/mkdirp-1.0.4.tgz",
      "integrity": "sha512-vVqVZQyf3WLx2Shd0qJ9xuvqgAyKPLAiqITEtqW0oIUjzo3PePDd6fW9iFz30ef7Ysp/oiWqbhszeGWW2T6Gzw=="
    },
    "ms": {
      "version": "2.0.0",
      "resolved": "https://registry.npmjs.org/ms/-/ms-2.0.0.tgz",
      "integrity": "sha1-VgiurfwAvmwpAd9fmGF4jeDVl8g="
    },
    "next-tick": {
      "version": "1.0.0",
      "resolved": "https://registry.npmjs.org/next-tick/-/next-tick-1.0.0.tgz",
      "integrity": "sha1-yobR/ogoFpsBICCOPchCS524NCw="
    },
    "node-fetch": {
      "version": "2.6.1",
      "resolved": "https://registry.npmjs.org/node-fetch/-/node-fetch-2.6.1.tgz",
      "integrity": "sha512-V4aYg89jEoVRxRb2fJdAg8FHvI7cEyYdVAh94HH0UIK8oJxUfkjlDQN9RbMx+bEjP7+ggMiFRprSti032Oipxw=="
    },
    "node-gyp-build": {
      "version": "4.3.0",
      "resolved": "https://registry.npmjs.org/node-gyp-build/-/node-gyp-build-4.3.0.tgz",
      "integrity": "sha512-iWjXZvmboq0ja1pUGULQBexmxq8CV4xBhX7VDOTbL7ZR4FOowwY/VOtRxBN/yKxmdGoIp4j5ysNT4u3S2pDQ3Q=="
    },
    "object-assign": {
      "version": "4.1.1",
      "resolved": "https://registry.npmjs.org/object-assign/-/object-assign-4.1.1.tgz",
      "integrity": "sha1-IQmtx5ZYh8/AXLvUQsrIv7s2CGM="
    },
    "prop-types": {
      "version": "15.7.2",
      "resolved": "https://registry.npmjs.org/prop-types/-/prop-types-15.7.2.tgz",
      "integrity": "sha512-8QQikdH7//R2vurIJSutZ1smHYTcLpRWEOlHnzcWHmBYrOGUysKwSsrC89BCiFj3CbrfJ/nXFdJepOVrY1GCHQ==",
      "requires": {
        "loose-envify": "^1.4.0",
        "object-assign": "^4.1.1",
        "react-is": "^16.8.1"
      }
    },
    "react-collapsible": {
      "version": "2.8.4",
      "resolved": "https://registry.npmjs.org/react-collapsible/-/react-collapsible-2.8.4.tgz",
      "integrity": "sha512-oG4yOk6AGKswe0OD/8t3/nf4Rgj4UhlZUUvqL5jop0/ez02B3dBDmNvs3sQz0PcTpJvt0ai8zF7Atd1SzN/UNw==",
      "requires": {}
    },
    "react-copy-to-clipboard": {
      "version": "5.0.4",
      "resolved": "https://registry.npmjs.org/react-copy-to-clipboard/-/react-copy-to-clipboard-5.0.4.tgz",
      "integrity": "sha512-IeVAiNVKjSPeGax/Gmkqfa/+PuMTBhutEvFUaMQLwE2tS0EXrAdgOpWDX26bWTXF3HrioorR7lr08NqeYUWQCQ==",
      "requires": {
        "copy-to-clipboard": "^3",
        "prop-types": "^15.5.8"
      }
    },
    "react-dom": {
      "version": "17.0.2",
      "resolved": "https://registry.npmjs.org/react-dom/-/react-dom-17.0.2.tgz",
      "integrity": "sha512-s4h96KtLDUQlsENhMn1ar8t2bEa+q/YAtj8pPPdIjPDGBDIVNsrD9aXNWqspUe6AzKCIG0C1HZZLqLV7qpOBGA==",
      "requires": {
        "loose-envify": "^1.1.0",
        "object-assign": "^4.1.1",
        "scheduler": "^0.20.2"
      }
    },
    "react-easy-swipe": {
      "version": "0.0.21",
      "resolved": "https://registry.npmjs.org/react-easy-swipe/-/react-easy-swipe-0.0.21.tgz",
      "integrity": "sha512-OeR2jAxdoqUMHIn/nS9fgreI5hSpgGoL5ezdal4+oO7YSSgJR8ga+PkYGJrSrJ9MKlPcQjMQXnketrD7WNmNsg==",
      "requires": {
        "prop-types": "^15.5.8"
      }
    },
    "react-fast-compare": {
      "version": "3.2.0",
      "resolved": "https://registry.npmjs.org/react-fast-compare/-/react-fast-compare-3.2.0.tgz",
      "integrity": "sha512-rtGImPZ0YyLrscKI9xTpV8psd6I8VAtjKCzQDlzyDvqJA8XOW78TXYQwNRNd8g8JZnDu8q9Fu/1v4HPAVwVdHA=="
    },
    "react-icons": {
      "version": "4.3.1",
      "resolved": "https://registry.npmjs.org/react-icons/-/react-icons-4.3.1.tgz",
      "integrity": "sha512-cB10MXLTs3gVuXimblAdI71jrJx8njrJZmNMEMC+sQu5B/BIOmlsAjskdqpn81y8UBVEGuHODd7/ci5DvoSzTQ==",
      "requires": {}
    },
    "react-is": {
      "version": "16.13.1",
      "resolved": "https://registry.npmjs.org/react-is/-/react-is-16.13.1.tgz",
      "integrity": "sha512-24e6ynE2H+OKt4kqsOvNd8kBpV65zoxbA4BVsEOB3ARVWQki/DHzaUoC5KuON/BiccDaCCTZBuOcfZs70kR8bQ=="
    },
    "react-popper": {
      "version": "2.2.5",
      "resolved": "https://registry.npmjs.org/react-popper/-/react-popper-2.2.5.tgz",
      "integrity": "sha512-kxGkS80eQGtLl18+uig1UIf9MKixFSyPxglsgLBxlYnyDf65BiY9B3nZSc6C9XUNDgStROB0fMQlTEz1KxGddw==",
      "requires": {
        "react-fast-compare": "^3.0.1",
        "warning": "^4.0.2"
      }
    },
    "react-responsive-carousel": {
      "version": "3.2.22",
      "resolved": "https://registry.npmjs.org/react-responsive-carousel/-/react-responsive-carousel-3.2.22.tgz",
      "integrity": "sha512-/r7dsIaN+l417IYIS0Fr7Z5VlpK3KYnTIIsdVCWSqtuJRIZNM+qdBIA4RIbzQtuW/ZBTnQanBecblCxg0HCqLQ==",
      "requires": {
        "classnames": "^2.2.5",
        "prop-types": "^15.5.8",
        "react-easy-swipe": "^0.0.21"
      }
    },
    "react-router": {
      "version": "6.2.1",
      "resolved": "https://registry.npmjs.org/react-router/-/react-router-6.2.1.tgz",
      "integrity": "sha512-2fG0udBtxou9lXtK97eJeET2ki5//UWfQSl1rlJ7quwe6jrktK9FCCc8dQb5QY6jAv3jua8bBQRhhDOM/kVRsg==",
      "requires": {
        "history": "^5.2.0"
      }
    },
    "react-router-dom": {
      "version": "6.2.1",
      "resolved": "https://registry.npmjs.org/react-router-dom/-/react-router-dom-6.2.1.tgz",
      "integrity": "sha512-I6Zax+/TH/cZMDpj3/4Fl2eaNdcvoxxHoH1tYOREsQ22OKDYofGebrNm6CTPUcvLvZm63NL/vzCYdjf9CUhqmA==",
      "requires": {
        "history": "^5.2.0",
        "react-router": "6.2.1"
      }
    },
    "react-transition-group": {
      "version": "4.4.2",
      "resolved": "https://registry.npmjs.org/react-transition-group/-/react-transition-group-4.4.2.tgz",
      "integrity": "sha512-/RNYfRAMlZwDSr6z4zNKV6xu53/e2BuaBbGhbyYIXTrmgu/bGHzmqOs7mJSJBHy9Ud+ApHx3QjrkKSp1pxvlFg==",
      "requires": {
        "@babel/runtime": "^7.5.5",
        "dom-helpers": "^5.0.1",
        "loose-envify": "^1.4.0",
        "prop-types": "^15.6.2"
      }
    },
    "reactstrap": {
      "version": "9.0.1",
      "resolved": "https://registry.npmjs.org/reactstrap/-/reactstrap-9.0.1.tgz",
      "integrity": "sha512-89VOv7SRlAlpS7RwXhzOQkSWkuhBR8LBsPGfNHifNL3WhtNP9y1sBdTcTYyH1ee2QtI8zRdwD0T5I/blHiwemg==",
      "requires": {
        "@babel/runtime": "^7.12.5",
        "@popperjs/core": "^2.6.0",
        "classnames": "^2.2.3",
        "prop-types": "^15.5.8",
        "react-popper": "^2.2.4",
        "react-transition-group": "^4.4.2"
      }
    },
    "regenerator-runtime": {
      "version": "0.13.9",
      "resolved": "https://registry.npmjs.org/regenerator-runtime/-/regenerator-runtime-0.13.9.tgz",
      "integrity": "sha512-p3VT+cOEgxFsRRA9X4lkI1E+k2/CtnKtU4gcxyaCUreilL/vqI6CdZ3wxVUx3UOUg+gnUOQQcRI7BmSI656MYA=="
    },
    "scheduler": {
      "version": "0.20.2",
      "resolved": "https://registry.npmjs.org/scheduler/-/scheduler-0.20.2.tgz",
      "integrity": "sha512-2eWfGgAqqWFGqtdMmcL5zCMK1U8KlXv8SQFGglL3CEtd0aDVDWgeF/YoCmvln55m5zSk3J/20hTaSBeSObsQDQ==",
      "requires": {
        "loose-envify": "^1.1.0",
        "object-assign": "^4.1.1"
      }
    },
    "shopify-buy": {
      "version": "2.14.0",
      "resolved": "https://registry.npmjs.org/shopify-buy/-/shopify-buy-2.14.0.tgz",
      "integrity": "sha512-ehQMBQzkmm837boIUb85umpWg25EYzgDTqSv1dLabTmfTQSlhTkBJ0r1mDZnZpEoYpWbAs6cSSa5C9/NIaSSOQ=="
    },
    "toggle-selection": {
      "version": "1.0.6",
      "resolved": "https://registry.npmjs.org/toggle-selection/-/toggle-selection-1.0.6.tgz",
      "integrity": "sha1-bkWxJj8gF/oKzH2J14sVuL932jI="
    },
    "type": {
      "version": "1.2.0",
      "resolved": "https://registry.npmjs.org/type/-/type-1.2.0.tgz",
      "integrity": "sha512-+5nt5AAniqsCnu2cEQQdpzCAh33kVx8n0VoFidKpB1dVVLAN/F+bgVOqOJqOnEnrhp222clB5p3vUlD+1QAnfg=="
    },
    "typedarray-to-buffer": {
      "version": "3.1.5",
      "resolved": "https://registry.npmjs.org/typedarray-to-buffer/-/typedarray-to-buffer-3.1.5.tgz",
      "integrity": "sha512-zdu8XMNEDepKKR+XYOXAVPtWui0ly0NtohUscw+UmaHiAWT8hrV1rr//H6V+0DvJ3OQ19S979M0laLfX8rm82Q==",
      "requires": {
        "is-typedarray": "^1.0.0"
      }
    },
    "utf-8-validate": {
      "version": "5.0.7",
      "resolved": "https://registry.npmjs.org/utf-8-validate/-/utf-8-validate-5.0.7.tgz",
      "integrity": "sha512-vLt1O5Pp+flcArHGIyKEQq883nBt8nN8tVBcoL0qUXj2XT1n7p70yGIq2VK98I5FdZ1YHc0wk/koOnHjnXWk1Q==",
      "requires": {
        "node-gyp-build": "^4.3.0"
      }
    },
    "warning": {
      "version": "4.0.3",
      "resolved": "https://registry.npmjs.org/warning/-/warning-4.0.3.tgz",
      "integrity": "sha512-rpJyN222KWIvHJ/F53XSZv0Zl/accqHR8et1kpaMTD/fLCRxtV8iX8czMzY7sVZupTI3zcUTg8eycS2kNF9l6w==",
      "requires": {
        "loose-envify": "^1.0.0"
      }
    },
    "websocket": {
      "version": "1.0.34",
      "resolved": "https://registry.npmjs.org/websocket/-/websocket-1.0.34.tgz",
      "integrity": "sha512-PRDso2sGwF6kM75QykIesBijKSVceR6jL2G8NGYyq2XrItNC2P5/qL5XeR056GhA+Ly7JMFvJb9I312mJfmqnQ==",
      "requires": {
        "bufferutil": "^4.0.1",
        "debug": "^2.2.0",
        "es5-ext": "^0.10.50",
        "typedarray-to-buffer": "^3.1.5",
        "utf-8-validate": "^5.0.2",
        "yaeti": "^0.0.6"
      }
    },
    "yaeti": {
      "version": "0.0.6",
      "resolved": "https://registry.npmjs.org/yaeti/-/yaeti-0.0.6.tgz",
      "integrity": "sha1-8m9ITXJoTPQr7ft2lwqhYI+/lXc="
    }
  }
}
